
Microsoft Visual Studio Solution File, Format Version 12.00
# Visual Studio Version 16
VisualStudioVersion = 16.0.30611.23
MinimumVisualStudioVersion = 10.0.40219.1
Project("{8BC9CEB8-8B4A-11D0-8D11-00A0C91BC942}") = "CPP_001_Classes", "CPP_LearningPathHenrique\CPP_LearningPathHenrique.vcxproj", "{254F91A7-2D69-457B-A39C-A3CED1BF533D}"
EndProject
Project("{8BC9CEB8-8B4A-11D0-8D11-00A0C91BC942}") = "CPP_002_Ponteiros", "CPP_002_Ponteiros\CPP_002_Ponteiros.vcxproj", "{84CB3692-C7E8-459D-B75B-B424FD8B0616}"
EndProject
Project("{8BC9CEB8-8B4A-11D0-8D11-00A0C91BC942}") = "CPP_003_Constr_Destr", "CPP_003_Constr_Destr\CPP_003_Constr_Destr.vcxproj", "{AF0B829D-241D-48C7-B97D-D77C965E0309}"
EndProject
Project("{8BC9CEB8-8B4A-11D0-8D11-00A0C91BC942}") = "CPP_004_Heranca", "Exemplo_Herança\Exemplo_Herança.vcxproj", "{BBD2F87B-2203-42B6-963A-1FF0C057EA6B}"
EndProject
Project("{8BC9CEB8-8B4A-11D0-8D11-00A0C91BC942}") = "CPP_005_THIS", "CPP_005_THIS\CPP_005_THIS.vcxproj", "{BAE25B1B-309B-4BD1-8FB1-F72B76FDA45C}"
EndProject
Project("{8BC9CEB8-8B4A-11D0-8D11-00A0C91BC942}") = "CPP_006_Heranca_Multipla", "CPP_006_Henraca_Multipla\CPP_006_Henraca_Multipla.vcxproj", "{AFD133E5-E7DC-4433-AA64-EA9019068E77}"
EndProject
Project("{8BC9CEB8-8B4A-11D0-8D11-00A0C91BC942}") = "CPP_007_Vetores", "CPP_007_Vetores\CPP_007_Vetores.vcxproj", "{F9EA9CEE-823F-4D6D-9FDB-2D2648594DF9}"
EndProject
Project("{9A19103F-16F7-4668-BE54-9A1E7A4F7556}") = "CSharp_001_HelloWorld", "CSharp_001_HelloWorld\CSharp_001_HelloWorld.csproj", "{210B8C22-A161-473B-934D-06F1987047FB}"
EndProject
Project("{9A19103F-16F7-4668-BE54-9A1E7A4F7556}") = "CSharp_002_MailDelivery", "CSharp_002_MailDelivery\CSharp_002_MailDelivery.csproj", "{19AECECE-1F56-4993-8C42-8D434378CFA5}"
EndProject
Global
	GlobalSection(SolutionConfigurationPlatforms) = preSolution
		Debug|Any CPU = Debug|Any CPU
		Debug|x64 = Debug|x64
		Debug|x86 = Debug|x86
		Release|Any CPU = Release|Any CPU
		Release|x64 = Release|x64
		Release|x86 = Release|x86
	EndGlobalSection
	GlobalSection(ProjectConfigurationPlatforms) = postSolution
		{254F91A7-2D69-457B-A39C-A3CED1BF533D}.Debug|Any CPU.ActiveCfg = Debug|Win32
		{254F91A7-2D69-457B-A39C-A3CED1BF533D}.Debug|x64.ActiveCfg = Debug|x64
		{254F91A7-2D69-457B-A39C-A3CED1BF533D}.Debug|x64.Build.0 = Debug|x64
		{254F91A7-2D69-457B-A39C-A3CED1BF533D}.Debug|x86.ActiveCfg = Debug|Win32
		{254F91A7-2D69-457B-A39C-A3CED1BF533D}.Debug|x86.Build.0 = Debug|Win32
		{254F91A7-2D69-457B-A39C-A3CED1BF533D}.Release|Any CPU.ActiveCfg = Release|Win32
		{254F91A7-2D69-457B-A39C-A3CED1BF533D}.Release|x64.ActiveCfg = Release|x64
		{254F91A7-2D69-457B-A39C-A3CED1BF533D}.Release|x64.Build.0 = Release|x64
		{254F91A7-2D69-457B-A39C-A3CED1BF533D}.Release|x86.ActiveCfg = Release|Win32
		{254F91A7-2D69-457B-A39C-A3CED1BF533D}.Release|x86.Build.0 = Release|Win32
		{84CB3692-C7E8-459D-B75B-B424FD8B0616}.Debug|Any CPU.ActiveCfg = Debug|Win32
		{84CB3692-C7E8-459D-B75B-B424FD8B0616}.Debug|x64.ActiveCfg = Debug|x64
		{84CB3692-C7E8-459D-B75B-B424FD8B0616}.Debug|x64.Build.0 = Debug|x64
		{84CB3692-C7E8-459D-B75B-B424FD8B0616}.Debug|x86.ActiveCfg = Debug|Win32
		{84CB3692-C7E8-459D-B75B-B424FD8B0616}.Debug|x86.Build.0 = Debug|Win32
		{84CB3692-C7E8-459D-B75B-B424FD8B0616}.Release|Any CPU.ActiveCfg = Release|Win32
		{84CB3692-C7E8-459D-B75B-B424FD8B0616}.Release|x64.ActiveCfg = Release|x64
		{84CB3692-C7E8-459D-B75B-B424FD8B0616}.Release|x64.Build.0 = Release|x64
		{84CB3692-C7E8-459D-B75B-B424FD8B0616}.Release|x86.ActiveCfg = Release|Win32
		{84CB3692-C7E8-459D-B75B-B424FD8B0616}.Release|x86.Build.0 = Release|Win32
		{AF0B829D-241D-48C7-B97D-D77C965E0309}.Debug|Any CPU.ActiveCfg = Debug|Win32
		{AF0B829D-241D-48C7-B97D-D77C965E0309}.Debug|x64.ActiveCfg = Debug|x64
		{AF0B829D-241D-48C7-B97D-D77C965E0309}.Debug|x64.Build.0 = Debug|x64
		{AF0B829D-241D-48C7-B97D-D77C965E0309}.Debug|x86.ActiveCfg = Debug|Win32
		{AF0B829D-241D-48C7-B97D-D77C965E0309}.Debug|x86.Build.0 = Debug|Win32
		{AF0B829D-241D-48C7-B97D-D77C965E0309}.Release|Any CPU.ActiveCfg = Release|Win32
		{AF0B829D-241D-48C7-B97D-D77C965E0309}.Release|x64.ActiveCfg = Release|x64
		{AF0B829D-241D-48C7-B97D-D77C965E0309}.Release|x64.Build.0 = Release|x64
		{AF0B829D-241D-48C7-B97D-D77C965E0309}.Release|x86.ActiveCfg = Release|Win32
		{AF0B829D-241D-48C7-B97D-D77C965E0309}.Release|x86.Build.0 = Release|Win32
		{BBD2F87B-2203-42B6-963A-1FF0C057EA6B}.Debug|Any CPU.ActiveCfg = Debug|Win32
		{BBD2F87B-2203-42B6-963A-1FF0C057EA6B}.Debug|x64.ActiveCfg = Debug|x64
		{BBD2F87B-2203-42B6-963A-1FF0C057EA6B}.Debug|x64.Build.0 = Debug|x64
		{BBD2F87B-2203-42B6-963A-1FF0C057EA6B}.Debug|x86.ActiveCfg = Debug|Win32
		{BBD2F87B-2203-42B6-963A-1FF0C057EA6B}.Debug|x86.Build.0 = Debug|Win32
		{BBD2F87B-2203-42B6-963A-1FF0C057EA6B}.Release|Any CPU.ActiveCfg = Release|Win32
		{BBD2F87B-2203-42B6-963A-1FF0C057EA6B}.Release|x64.ActiveCfg = Release|x64
		{BBD2F87B-2203-42B6-963A-1FF0C057EA6B}.Release|x64.Build.0 = Release|x64
		{BBD2F87B-2203-42B6-963A-1FF0C057EA6B}.Release|x86.ActiveCfg = Release|Win32
		{BBD2F87B-2203-42B6-963A-1FF0C057EA6B}.Release|x86.Build.0 = Release|Win32
		{BAE25B1B-309B-4BD1-8FB1-F72B76FDA45C}.Debug|Any CPU.ActiveCfg = Debug|Win32
		{BAE25B1B-309B-4BD1-8FB1-F72B76FDA45C}.Debug|x64.ActiveCfg = Debug|x64
		{BAE25B1B-309B-4BD1-8FB1-F72B76FDA45C}.Debug|x64.Build.0 = Debug|x64
		{BAE25B1B-309B-4BD1-8FB1-F72B76FDA45C}.Debug|x86.ActiveCfg = Debug|Win32
		{BAE25B1B-309B-4BD1-8FB1-F72B76FDA45C}.Debug|x86.Build.0 = Debug|Win32
		{BAE25B1B-309B-4BD1-8FB1-F72B76FDA45C}.Release|Any CPU.ActiveCfg = Release|Win32
		{BAE25B1B-309B-4BD1-8FB1-F72B76FDA45C}.Release|x64.ActiveCfg = Release|x64
		{BAE25B1B-309B-4BD1-8FB1-F72B76FDA45C}.Release|x64.Build.0 = Release|x64
		{BAE25B1B-309B-4BD1-8FB1-F72B76FDA45C}.Release|x86.ActiveCfg = Release|Win32
		{BAE25B1B-309B-4BD1-8FB1-F72B76FDA45C}.Release|x86.Build.0 = Release|Win32
		{AFD133E5-E7DC-4433-AA64-EA9019068E77}.Debug|Any CPU.ActiveCfg = Debug|Win32
		{AFD133E5-E7DC-4433-AA64-EA9019068E77}.Debug|x64.ActiveCfg = Debug|x64
		{AFD133E5-E7DC-4433-AA64-EA9019068E77}.Debug|x64.Build.0 = Debug|x64
		{AFD133E5-E7DC-4433-AA64-EA9019068E77}.Debug|x86.ActiveCfg = Debug|Win32
		{AFD133E5-E7DC-4433-AA64-EA9019068E77}.Debug|x86.Build.0 = Debug|Win32
		{AFD133E5-E7DC-4433-AA64-EA9019068E77}.Release|Any CPU.ActiveCfg = Release|Win32
		{AFD133E5-E7DC-4433-AA64-EA9019068E77}.Release|x64.ActiveCfg = Release|x64
		{AFD133E5-E7DC-4433-AA64-EA9019068E77}.Release|x64.Build.0 = Release|x64
		{AFD133E5-E7DC-4433-AA64-EA9019068E77}.Release|x86.ActiveCfg = Release|Win32
		{AFD133E5-E7DC-4433-AA64-EA9019068E77}.Release|x86.Build.0 = Release|Win32
		{F9EA9CEE-823F-4D6D-9FDB-2D2648594DF9}.Debug|Any CPU.ActiveCfg = Debug|Win32
		{F9EA9CEE-823F-4D6D-9FDB-2D2648594DF9}.Debug|x64.ActiveCfg = Debug|x64
		{F9EA9CEE-823F-4D6D-9FDB-2D2648594DF9}.Debug|x64.Build.0 = Debug|x64
		{F9EA9CEE-823F-4D6D-9FDB-2D2648594DF9}.Debug|x86.ActiveCfg = Debug|Win32
		{F9EA9CEE-823F-4D6D-9FDB-2D2648594DF9}.Debug|x86.Build.0 = Debug|Win32
		{F9EA9CEE-823F-4D6D-9FDB-2D2648594DF9}.Release|Any CPU.ActiveCfg = Release|Win32
		{F9EA9CEE-823F-4D6D-9FDB-2D2648594DF9}.Release|x64.ActiveCfg = Release|x64
		{F9EA9CEE-823F-4D6D-9FDB-2D2648594DF9}.Release|x64.Build.0 = Release|x64
		{F9EA9CEE-823F-4D6D-9FDB-2D2648594DF9}.Release|x86.ActiveCfg = Release|Win32
		{F9EA9CEE-823F-4D6D-9FDB-2D2648594DF9}.Release|x86.Build.0 = Release|Win32
		{210B8C22-A161-473B-934D-06F1987047FB}.Debug|Any CPU.ActiveCfg = Debug|Any CPU
		{210B8C22-A161-473B-934D-06F1987047FB}.Debug|Any CPU.Build.0 = Debug|Any CPU
		{210B8C22-A161-473B-934D-06F1987047FB}.Debug|x64.ActiveCfg = Debug|Any CPU
		{210B8C22-A161-473B-934D-06F1987047FB}.Debug|x64.Build.0 = Debug|Any CPU
		{210B8C22-A161-473B-934D-06F1987047FB}.Debug|x86.ActiveCfg = Debug|Any CPU
		{210B8C22-A161-473B-934D-06F1987047FB}.Debug|x86.Build.0 = Debug|Any CPU
		{210B8C22-A161-473B-934D-06F1987047FB}.Release|Any CPU.ActiveCfg = Release|Any CPU
		{210B8C22-A161-473B-934D-06F1987047FB}.Release|Any CPU.Build.0 = Release|Any CPU
		{210B8C22-A161-473B-934D-06F1987047FB}.Release|x64.ActiveCfg = Release|Any CPU
		{210B8C22-A161-473B-934D-06F1987047FB}.Release|x64.Build.0 = Release|Any CPU
		{210B8C22-A161-473B-934D-06F1987047FB}.Release|x86.ActiveCfg = Release|Any CPU
		{210B8C22-A161-473B-934D-06F1987047FB}.Release|x86.Build.0 = Release|Any CPU
		{19AECECE-1F56-4993-8C42-8D434378CFA5}.Debug|Any CPU.ActiveCfg = Debug|Any CPU
		{19AECECE-1F56-4993-8C42-8D434378CFA5}.Debug|Any CPU.Build.0 = Debug|Any CPU
		{19AECECE-1F56-4993-8C42-8D434378CFA5}.Debug|x64.ActiveCfg = Debug|Any CPU
		{19AECECE-1F56-4993-8C42-8D434378CFA5}.Debug|x64.Build.0 = Debug|Any CPU
		{19AECECE-1F56-4993-8C42-8D434378CFA5}.Debug|x86.ActiveCfg = Debug|Any CPU
		{19AECECE-1F56-4993-8C42-8D434378CFA5}.Debug|x86.Build.0 = Debug|Any CPU
		{19AECECE-1F56-4993-8C42-8D434378CFA5}.Release|Any CPU.ActiveCfg = Release|Any CPU
		{19AECECE-1F56-4993-8C42-8D434378CFA5}.Release|Any CPU.Build.0 = Release|Any CPU
		{19AECECE-1F56-4993-8C42-8D434378CFA5}.Release|x64.ActiveCfg = Release|Any CPU
		{19AECECE-1F56-4993-8C42-8D434378CFA5}.Release|x64.Build.0 = Release|Any CPU
		{19AECECE-1F56-4993-8C42-8D434378CFA5}.Release|x86.ActiveCfg = Release|Any CPU
		{19AECECE-1F56-4993-8C42-8D434378CFA5}.Release|x86.Build.0 = Release|Any CPU
	EndGlobalSection
	GlobalSection(SolutionProperties) = preSolution
		HideSolutionNode = FALSE
	EndGlobalSection
	GlobalSection(ExtensibilityGlobals) = postSolution
		SolutionGuid = {73C8E7C9-29C6-4F85-A6E5-1C4A3C67F773}
	EndGlobalSection
EndGlobal
